
Microsoft Visual Studio Solution File, Format Version 12.00
# Visual Studio Version 17
VisualStudioVersion = 17.5.002.0
MinimumVisualStudioVersion = 10.0.40219.1
Project("{9A19103F-16F7-4668-BE54-9A1E7A4F7556}") = "ToDoApp.API", "ToDoApp.API\ToDoApp.API.csproj", "{50077ED5-66C1-498E-BA3B-1033A82E8A9F}"
EndProject
Project("{9A19103F-16F7-4668-BE54-9A1E7A4F7556}") = "ToDoApp.Application", "ToDoApp.Application\ToDoApp.Application.csproj", "{A2565746-4EE0-429A-ABF2-4FF1AC0EA9EC}"
EndProject
Project("{9A19103F-16F7-4668-BE54-9A1E7A4F7556}") = "ToDoApp.Core", "ToDoApp.Core\ToDoApp.Core.csproj", "{7CCFC905-E203-4F6C-87C3-63E2BD9AE879}"
EndProject
Project("{9A19103F-16F7-4668-BE54-9A1E7A4F7556}") = "ToDoApp.Infrastructure", "ToDoApp.Infrastructure\ToDoApp.Infrastructure.csproj", "{6B383A24-305E-4451-9381-3EF5D94B7807}"
EndProject
Global
	GlobalSection(SolutionConfigurationPlatforms) = preSolution
		Debug|Any CPU = Debug|Any CPU
		Release|Any CPU = Release|Any CPU
	EndGlobalSection
	GlobalSection(ProjectConfigurationPlatforms) = postSolution
		{50077ED5-66C1-498E-BA3B-1033A82E8A9F}.Debug|Any CPU.ActiveCfg = Debug|Any CPU
		{50077ED5-66C1-498E-BA3B-1033A82E8A9F}.Debug|Any CPU.Build.0 = Debug|Any CPU
		{50077ED5-66C1-498E-BA3B-1033A82E8A9F}.Release|Any CPU.ActiveCfg = Release|Any CPU
		{50077ED5-66C1-498E-BA3B-1033A82E8A9F}.Release|Any CPU.Build.0 = Release|Any CPU
		{A2565746-4EE0-429A-ABF2-4FF1AC0EA9EC}.Debug|Any CPU.ActiveCfg = Debug|Any CPU
		{A2565746-4EE0-429A-ABF2-4FF1AC0EA9EC}.Debug|Any CPU.Build.0 = Debug|Any CPU
		{A2565746-4EE0-429A-ABF2-4FF1AC0EA9EC}.Release|Any CPU.ActiveCfg = Release|Any CPU
		{A2565746-4EE0-429A-ABF2-4FF1AC0EA9EC}.Release|Any CPU.Build.0 = Release|Any CPU
		{7CCFC905-E203-4F6C-87C3-63E2BD9AE879}.Debug|Any CPU.ActiveCfg = Debug|Any CPU
		{7CCFC905-E203-4F6C-87C3-63E2BD9AE879}.Debug|Any CPU.Build.0 = Debug|Any CPU
		{7CCFC905-E203-4F6C-87C3-63E2BD9AE879}.Release|Any CPU.ActiveCfg = Release|Any CPU
		{7CCFC905-E203-4F6C-87C3-63E2BD9AE879}.Release|Any CPU.Build.0 = Release|Any CPU
		{6B383A24-305E-4451-9381-3EF5D94B7807}.Debug|Any CPU.ActiveCfg = Debug|Any CPU
		{6B383A24-305E-4451-9381-3EF5D94B7807}.Debug|Any CPU.Build.0 = Debug|Any CPU
		{6B383A24-305E-4451-9381-3EF5D94B7807}.Release|Any CPU.ActiveCfg = Release|Any CPU
		{6B383A24-305E-4451-9381-3EF5D94B7807}.Release|Any CPU.Build.0 = Release|Any CPU
	EndGlobalSection
	GlobalSection(SolutionProperties) = preSolution
		HideSolutionNode = FALSE
	EndGlobalSection
	GlobalSection(ExtensibilityGlobals) = postSolution
		SolutionGuid = {54188BAB-BA46-459F-A6E9-60F36A636669}
	EndGlobalSection
EndGlobal
